<Project xmlns="http://schemas.microsoft.com/developer/msbuild/2003">
    <PropertyGroup>
        <ProjectGuid>{788e44da-813a-404b-a7ee-86a5fc1edae3}</ProjectGuid>
        <MainSource>OpenDSS.dpr</MainSource>
        <Configuration Condition=" '$(Configuration)' == '' ">Debug</Configuration>
        <DCC_DCCCompiler>DCC32</DCC_DCCCompiler>
        <DCC_DependencyCheckOutputName>..\OpenDSS.exe</DCC_DependencyCheckOutputName>
        <ProjectVersion>18.2</ProjectVersion>
        <Config Condition="'$(Config)'==''">Release</Config>
        <FrameworkType>VCL</FrameworkType>
        <Base>True</Base>
        <Platform Condition="'$(Platform)'==''">Win32</Platform>
        <TargetedPlatforms>3</TargetedPlatforms>
        <AppType>Application</AppType>
    </PropertyGroup>
    <PropertyGroup Condition="'$(Config)'=='Base' or '$(Base)'!=''">
        <Base>true</Base>
    </PropertyGroup>
    <PropertyGroup Condition="('$(Platform)'=='Win32' and '$(Base)'=='true') or '$(Base_Win32)'!=''">
        <Base_Win32>true</Base_Win32>
        <CfgParent>Base</CfgParent>
        <Base>true</Base>
    </PropertyGroup>
    <PropertyGroup Condition="('$(Platform)'=='Win64' and '$(Base)'=='true') or '$(Base_Win64)'!=''">
        <Base_Win64>true</Base_Win64>
        <CfgParent>Base</CfgParent>
        <Base>true</Base>
    </PropertyGroup>
    <PropertyGroup Condition="'$(Config)'=='Release' or '$(Cfg_1)'!=''">
        <Cfg_1>true</Cfg_1>
        <CfgParent>Base</CfgParent>
        <Base>true</Base>
    </PropertyGroup>
    <PropertyGroup Condition="('$(Platform)'=='Win32' and '$(Cfg_1)'=='true') or '$(Cfg_1_Win32)'!=''">
        <Cfg_1_Win32>true</Cfg_1_Win32>
        <CfgParent>Cfg_1</CfgParent>
        <Cfg_1>true</Cfg_1>
        <Base>true</Base>
    </PropertyGroup>
    <PropertyGroup Condition="('$(Platform)'=='Win64' and '$(Cfg_1)'=='true') or '$(Cfg_1_Win64)'!=''">
        <Cfg_1_Win64>true</Cfg_1_Win64>
        <CfgParent>Cfg_1</CfgParent>
        <Cfg_1>true</Cfg_1>
        <Base>true</Base>
    </PropertyGroup>
    <PropertyGroup Condition="'$(Config)'=='Debug' or '$(Cfg_2)'!=''">
        <Cfg_2>true</Cfg_2>
        <CfgParent>Base</CfgParent>
        <Base>true</Base>
    </PropertyGroup>
    <PropertyGroup Condition="('$(Platform)'=='Win32' and '$(Cfg_2)'=='true') or '$(Cfg_2_Win32)'!=''">
        <Cfg_2_Win32>true</Cfg_2_Win32>
        <CfgParent>Cfg_2</CfgParent>
        <Cfg_2>true</Cfg_2>
        <Base>true</Base>
    </PropertyGroup>
    <PropertyGroup Condition="('$(Platform)'=='Win64' and '$(Cfg_2)'=='true') or '$(Cfg_2_Win64)'!=''">
        <Cfg_2_Win64>true</Cfg_2_Win64>
        <CfgParent>Cfg_2</CfgParent>
        <Cfg_2>true</Cfg_2>
        <Base>true</Base>
    </PropertyGroup>
    <PropertyGroup Condition="'$(Base)'!=''">
        <SanitizedProjectName>OpenDSS</SanitizedProjectName>
        <Manifest_File>None</Manifest_File>
        <VerInfo_AutoGenVersion>true</VerInfo_AutoGenVersion>
        <DCC_Namespace>Vcl;Vcl.Imaging;Vcl.Touch;Vcl.Samples;Vcl.Shell;System;Xml;Data;Datasnap;Web;Soap;Winapi;FMXTee.Editor;System.Win;$(DCC_Namespace)</DCC_Namespace>
        <VerInfo_IncludeVerInfo>true</VerInfo_IncludeVerInfo>
        <VerInfo_MajorVer>8</VerInfo_MajorVer>
        <VerInfo_Locale>1033</VerInfo_Locale>
        <VerInfo_Keys>CompanyName=EPRI;FileDescription=Distribution System Simulator;FileVersion=8.0.0.0;InternalName=OpenDSS;LegalCopyright=Copyright (C) 2008-2012 EPRI, All Rights Reserved.;LegalTrademarks=;OriginalFilename=;ProductName=OpenDSS;ProductVersion=8.0.0;Comments=</VerInfo_Keys>
        <DCC_UsePackage>vcl;rtl;vclx;vclimg;vclactnband;dbrtl;vcldb;vcldbx;bdertl;vcltouch;xmlrtl;dsnap;dsnapcon;TeeUI;TeeDB;Tee;vclib;ibxpress;adortl;IndyCore;IndySystem;IndyProtocols;inet;intrawebdb_100_140;Intraweb_100_140;VclSmp;vclie;inetdb;webdsnap;websnap;inetdbbde;inetdbxpress;soaprtl;DbxCommonDriver;DbxClientDriver;DBXInterBaseDriver;DBXMySQLDriver;dbexpress;dbxcds;$(DCC_UsePackage)</DCC_UsePackage>
        <DCC_DependencyCheckOutputName>OpenDSS.exe</DCC_DependencyCheckOutputName>
    </PropertyGroup>
    <PropertyGroup Condition="'$(Base_Win32)'!=''">
        <Icon_MainIcon>OpenDSS_Icon.ico</Icon_MainIcon>
        <VerInfo_AutoGenVersion>false</VerInfo_AutoGenVersion>
        <VerInfo_Keys>CompanyName=EPRI;FileDescription=Distribution System Simulator;FileVersion=8.0.0.0;InternalName=OpenDSS;LegalCopyright=Copyright (C) 2008-2016 EPRI, All Rights Reserved.
;LegalTrademarks=;OriginalFilename=;ProductName=OpenDSS;ProductVersion=8.0.0;Comments=;ProgramID=com.embarcadero.$(MSBuildProjectName)</VerInfo_Keys>
        <UWP_DelphiLogo44>$(BDS)\bin\Artwork\Windows\UWP\delphi_UwpDefault_44.png</UWP_DelphiLogo44>
        <UWP_DelphiLogo150>$(BDS)\bin\Artwork\Windows\UWP\delphi_UwpDefault_150.png</UWP_DelphiLogo150>
    </PropertyGroup>
    <PropertyGroup Condition="'$(Base_Win64)'!=''">
        <AppEnableRuntimeThemes>true</AppEnableRuntimeThemes>
        <Icon_MainIcon>OpenDSS_Icon.ico</Icon_MainIcon>
        <DCC_ExeOutput>.\x64\</DCC_ExeOutput>
        <DCC_Namespace>Data.Win;Datasnap.Win;Web.Win;Soap.Win;Xml.Win;$(DCC_Namespace)</DCC_Namespace>
        <Manifest_File>$(BDS)\bin\default_app.manifest</Manifest_File>
        <VerInfo_Keys>CompanyName=;FileVersion=8.0.0.0;InternalName=;LegalCopyright=;LegalTrademarks=;OriginalFilename=;ProductVersion=8.0.0;Comments=;ProgramID=com.embarcadero.$(MSBuildProjectName);FileDescription=$(MSBuildProjectName);ProductName=$(MSBuildProjectName)</VerInfo_Keys>
        <UWP_DelphiLogo44>$(BDS)\bin\Artwork\Windows\UWP\delphi_UwpDefault_44.png</UWP_DelphiLogo44>
        <UWP_DelphiLogo150>$(BDS)\bin\Artwork\Windows\UWP\delphi_UwpDefault_150.png</UWP_DelphiLogo150>
    </PropertyGroup>
    <PropertyGroup Condition="'$(Cfg_1)'!=''">
        <Icon_MainIcon>OpenDSS_Icon.ico</Icon_MainIcon>
        <DCC_DependencyCheckOutputName>..\OpenDSS.exe</DCC_DependencyCheckOutputName>
        <Version>7.0</Version>
        <DCC_Alignment>1</DCC_Alignment>
        <DCC_DebugInformation>0</DCC_DebugInformation>
        <DCC_WriteableConstants>True</DCC_WriteableConstants>
        <DCC_LocalDebugSymbols>False</DCC_LocalDebugSymbols>
        <DCC_IntegerOverflowCheck>True</DCC_IntegerOverflowCheck>
        <DCC_SymbolReferenceInfo>0</DCC_SymbolReferenceInfo>
        <DCC_ExeOutput>..</DCC_ExeOutput>
        <DCC_UnitSearchPath>$(BDS)\lib\Debug;$(DELPHI)\Lib\Debug;$(DCC_UnitSearchPath)</DCC_UnitSearchPath>
        <DCC_ResourcePath>$(BDS)\lib\Debug;$(DELPHI)\Lib\Debug;$(DCC_ResourcePath)</DCC_ResourcePath>
        <DCC_ObjPath>$(BDS)\lib\Debug;$(DELPHI)\Lib\Debug;$(DCC_ObjPath)</DCC_ObjPath>
        <DCC_IncludePath>$(BDS)\lib\Debug;$(DELPHI)\Lib\Debug;$(DCC_IncludePath)</DCC_IncludePath>
        <DCC_Define>RELEASE;$(DCC_Define)</DCC_Define>
    </PropertyGroup>
    <PropertyGroup Condition="'$(Cfg_1_Win32)'!=''">
        <ILINK_FullDebugInfo>true</ILINK_FullDebugInfo>
        <BCC_SourceDebuggingOn>true</BCC_SourceDebuggingOn>
        <BCC_DebugLineNumbers>true</BCC_DebugLineNumbers>
        <DCC_DebugInfoInExe>true</DCC_DebugInfoInExe>
        <Icon_MainIcon>OpenDSS_Icon3.ico</Icon_MainIcon>
        <VerInfo_AutoGenVersion>false</VerInfo_AutoGenVersion>
        <DCC_ExeOutput>..\x86</DCC_ExeOutput>
        <VerInfo_Keys>CompanyName=EPRI;FileDescription=X86 Release Version Distribution System Simulator;FileVersion=8.0.0.0;InternalName=OpenDSS;LegalCopyright=Copyright (C) 2008-2016 EPRI, All Rights Reserved.;LegalTrademarks=;OriginalFilename=;ProductName=OpenDSS;ProductVersion=8.0.0;Comments=;ProgramID=com.embarcadero.$(MSBuildProjectName)</VerInfo_Keys>
        <BT_BuildType>Debug</BT_BuildType>
    </PropertyGroup>
    <PropertyGroup Condition="'$(Cfg_1_Win64)'!=''">
        <Icon_MainIcon>OpenDSS_Icon3.ico</Icon_MainIcon>
        <AppEnableRuntimeThemes>true</AppEnableRuntimeThemes>
        <VerInfo_AutoGenVersion>false</VerInfo_AutoGenVersion>
        <Manifest_File>$(BDS)\bin\default_app.manifest</Manifest_File>
        <DCC_ExeOutput>..\x64</DCC_ExeOutput>
        <VerInfo_Keys>CompanyName=EPRI;FileDescription=X64 Release Version OpenDSS;FileVersion=8.0.0.0;InternalName=;LegalCopyright=Copyright (C) 2008-2016 EPRI. All Rights Reserved.;LegalTrademarks=;OriginalFilename=;ProductVersion=8.0.0;Comments=;ProgramID=com.embarcadero.$(MSBuildProjectName);ProductName=$(MSBuildProjectName)</VerInfo_Keys>
        <BT_BuildType>Debug</BT_BuildType>
    </PropertyGroup>
    <PropertyGroup Condition="'$(Cfg_2)'!=''">
        <DCC_DependencyCheckOutputName>..\OpenDSS.exe</DCC_DependencyCheckOutputName>
        <Version>7.0</Version>
        <DCC_Alignment>1</DCC_Alignment>
        <DCC_WriteableConstants>True</DCC_WriteableConstants>
        <DCC_IntegerOverflowCheck>True</DCC_IntegerOverflowCheck>
        <DCC_SymbolReferenceInfo>2</DCC_SymbolReferenceInfo>
        <DCC_ExeOutput>..</DCC_ExeOutput>
        <DCC_UnitSearchPath>$(BDS)\Lib\Debug\Indy10;$(BDS)\lib\Debug;$(DELPHI)\Lib\Debug;$(DCC_UnitSearchPath)</DCC_UnitSearchPath>
        <DCC_ResourcePath>$(BDS)\Lib\Debug\Indy10;$(BDS)\lib\Debug;$(DELPHI)\Lib\Debug;$(DCC_ResourcePath)</DCC_ResourcePath>
        <DCC_ObjPath>$(BDS)\Lib\Debug\Indy10;$(BDS)\lib\Debug;$(DELPHI)\Lib\Debug;$(DCC_ObjPath)</DCC_ObjPath>
        <DCC_IncludePath>$(BDS)\Lib\Debug\Indy10;$(BDS)\lib\Debug;$(DELPHI)\Lib\Debug;$(DCC_IncludePath)</DCC_IncludePath>
        <DCC_Define>DEBUG;$(DCC_Define)</DCC_Define>
    </PropertyGroup>
    <PropertyGroup Condition="'$(Cfg_2_Win32)'!=''">
        <VerInfo_AutoGenVersion>false</VerInfo_AutoGenVersion>
        <VerInfo_Debug>true</VerInfo_Debug>
        <DCC_ExeOutput>..\x86</DCC_ExeOutput>
        <VerInfo_Keys>CompanyName=EPRI;FileDescription=X86 Debug Version Distribution System Simulator;FileVersion=8.0.0.0;InternalName=OpenDSS;LegalCopyright=Copyright (C) 2008-2016 EPRI, All Rights Reserved.;LegalTrademarks=;OriginalFilename=;ProductName=OpenDSS;ProductVersion=8.0.0;Comments=;ProgramID=com.embarcadero.$(MSBuildProjectName)</VerInfo_Keys>
    </PropertyGroup>
    <PropertyGroup Condition="'$(Cfg_2_Win64)'!=''">
        <AppEnableRuntimeThemes>true</AppEnableRuntimeThemes>
        <DCC_Optimize>false</DCC_Optimize>
        <DCC_GenerateStackFrames>true</DCC_GenerateStackFrames>
        <DCC_DebugDCUs>true</DCC_DebugDCUs>
        <DCC_DebugInfoInExe>true</DCC_DebugInfoInExe>
        <VerInfo_AutoGenVersion>false</VerInfo_AutoGenVersion>
        <Manifest_File>$(BDS)\bin\default_app.manifest</Manifest_File>
        <DCC_ExeOutput>..\x64</DCC_ExeOutput>
        <VerInfo_Keys>CompanyName=EPRI;FileDescription=X64 Debug Version;FileVersion=8.0.0.0;InternalName=;LegalCopyright=Copyright (C) 2008-2016 EPRI, All Rights Reserved.
;LegalTrademarks=;OriginalFilename=;ProductVersion=8.0.0;Comments=;ProgramID=com.embarcadero.$(MSBuildProjectName);ProductName=$(MSBuildProjectName)</VerInfo_Keys>
    </PropertyGroup>
    <ProjectExtensions>
        <Borland.Personality>Delphi.Personality.12</Borland.Personality>
        <Borland.ProjectType>VCLApplication</Borland.ProjectType>
        <BorlandProject>
            <Delphi.Personality>
                <Parameters>
                    <Parameters Name="DebugSourceDirs">C:\OpenDSS\Source\Common\</Parameters>
                    <Parameters Name="UseLauncher">False</Parameters>
                    <Parameters Name="LoadAllSymbols">True</Parameters>
                    <Parameters Name="LoadUnspecifiedSymbols">False</Parameters>
                </Parameters>
                <VersionInfo>
                    <VersionInfo Name="IncludeVerInfo">True</VersionInfo>
                    <VersionInfo Name="AutoIncBuild">True</VersionInfo>
                    <VersionInfo Name="MajorVer">7</VersionInfo>
                    <VersionInfo Name="MinorVer">5</VersionInfo>
                    <VersionInfo Name="Release">1</VersionInfo>
                    <VersionInfo Name="Build">521</VersionInfo>
                    <VersionInfo Name="Debug">False</VersionInfo>
                    <VersionInfo Name="PreRelease">False</VersionInfo>
                    <VersionInfo Name="Special">False</VersionInfo>
                    <VersionInfo Name="Private">False</VersionInfo>
                    <VersionInfo Name="DLL">False</VersionInfo>
                    <VersionInfo Name="Locale">1033</VersionInfo>
                    <VersionInfo Name="CodePage">1252</VersionInfo>
                </VersionInfo>
                <VersionInfoKeys>
                    <VersionInfoKeys Name="CompanyName">EPRI</VersionInfoKeys>
                    <VersionInfoKeys Name="FileDescription">Distribution System Simulator</VersionInfoKeys>
                    <VersionInfoKeys Name="FileVersion">7.5.1.521</VersionInfoKeys>
                    <VersionInfoKeys Name="InternalName">OpenDSS</VersionInfoKeys>
                    <VersionInfoKeys Name="LegalCopyright">Copyright (C) 2008-2012  EPRI, All Rights Reserved.</VersionInfoKeys>
                    <VersionInfoKeys Name="LegalTrademarks"/>
                    <VersionInfoKeys Name="OriginalFilename"/>
                    <VersionInfoKeys Name="ProductName">OpenDSS</VersionInfoKeys>
                    <VersionInfoKeys Name="ProductVersion">7.5.1.7</VersionInfoKeys>
                    <VersionInfoKeys Name="Comments"/>
                </VersionInfoKeys>
                <Source>
                    <Source Name="MainSource">OpenDSS.dpr</Source>
                </Source>
                <Excluded_Packages>
                    <Excluded_Packages Name="$(BDSBIN)\dcloffice2k230.bpl">Microsoft Office 2000 Sample Automation Server Wrapper Components</Excluded_Packages>
                    <Excluded_Packages Name="$(BDSBIN)\dclofficexp230.bpl">Microsoft Office XP Sample Automation Server Wrapper Components</Excluded_Packages>
                </Excluded_Packages>
            </Delphi.Personality>
            <ModelSupport>False</ModelSupport>
            <Platforms>
                <Platform value="Win32">True</Platform>
                <Platform value="Win64">True</Platform>
            </Platforms>
            <Deployment Version="3">
                <DeployFile LocalName="..\x64\OpenDSS.exe" Configuration="Release" Class="ProjectOutput"/>
                <DeployFile LocalName="MyDSSClassDefs.Pas" Configuration="Release" Class="ProjectFile"/>
                <DeployFile LocalName="OpenDSS3.ico" Configuration="Debug" Class="ProjectFile"/>
                <DeployFile LocalName="..\x64\OpenDSS.exe" Configuration="Debug" Class="ProjectOutput"/>
                <DeployFile LocalName="..\x86\OpenDSS.exe" Configuration="Debug" Class="ProjectOutput"/>
                <DeployFile LocalName="MyDSSClassDefs.Pas" Configuration="Debug" Class="ProjectFile"/>
                <DeployFile LocalName="OpenDSS3.ico" Configuration="Debug" Class="ProjectFile"/>
                <DeployFile LocalName="MyDSSClassDefs.Pas" Configuration="Debug" Class="ProjectFile"/>
                <DeployFile LocalName="OpenDSS3.ico" Configuration="Release" Class="ProjectFile"/>
                <DeployClass Name="AdditionalDebugSymbols">
                    <Platform Name="OSX32">
                        <Operation>1</Operation>
                    </Platform>
                    <Platform Name="Win32">
                        <RemoteDir>Contents\MacOS</RemoteDir>
                        <Operation>0</Operation>
                    </Platform>
                </DeployClass>
                <DeployClass Name="AndroidClassesDexFile">
                    <Platform Name="Android">
                        <RemoteDir>classes</RemoteDir>
                        <Operation>1</Operation>
                    </Platform>
                </DeployClass>
                <DeployClass Name="AndroidGDBServer">
                    <Platform Name="Android">
                        <RemoteDir>library\lib\armeabi-v7a</RemoteDir>
                        <Operation>1</Operation>
                    </Platform>
                </DeployClass>
                <DeployClass Name="AndroidLibnativeArmeabiFile">
                    <Platform Name="Android">
                        <RemoteDir>library\lib\armeabi</RemoteDir>
                        <Operation>1</Operation>
                    </Platform>
                </DeployClass>
                <DeployClass Name="AndroidLibnativeMipsFile">
                    <Platform Name="Android">
                        <RemoteDir>library\lib\mips</RemoteDir>
                        <Operation>1</Operation>
                    </Platform>
                </DeployClass>
                <DeployClass Name="AndroidServiceOutput">
                    <Platform Name="Android">
                        <RemoteDir>library\lib\armeabi-v7a</RemoteDir>
                        <Operation>1</Operation>
                    </Platform>
                </DeployClass>
                <DeployClass Name="AndroidSplashImageDef">
                    <Platform Name="Android">
                        <RemoteDir>res\drawable</RemoteDir>
                        <Operation>1</Operation>
                    </Platform>
                </DeployClass>
                <DeployClass Name="AndroidSplashStyles">
                    <Platform Name="Android">
                        <RemoteDir>res\values</RemoteDir>
                        <Operation>1</Operation>
                    </Platform>
                </DeployClass>
                <DeployClass Name="Android_DefaultAppIcon">
                    <Platform Name="Android">
                        <RemoteDir>res\drawable</RemoteDir>
                        <Operation>1</Operation>
                    </Platform>
                </DeployClass>
                <DeployClass Name="Android_LauncherIcon144">
                    <Platform Name="Android">
                        <RemoteDir>res\drawable-xxhdpi</RemoteDir>
                        <Operation>1</Operation>
                    </Platform>
                </DeployClass>
                <DeployClass Name="Android_LauncherIcon36">
                    <Platform Name="Android">
                        <RemoteDir>res\drawable-ldpi</RemoteDir>
                        <Operation>1</Operation>
                    </Platform>
                </DeployClass>
                <DeployClass Name="Android_LauncherIcon48">
                    <Platform Name="Android">
                        <RemoteDir>res\drawable-mdpi</RemoteDir>
                        <Operation>1</Operation>
                    </Platform>
                </DeployClass>
                <DeployClass Name="Android_LauncherIcon72">
                    <Platform Name="Android">
                        <RemoteDir>res\drawable-hdpi</RemoteDir>
                        <Operation>1</Operation>
                    </Platform>
                </DeployClass>
                <DeployClass Name="Android_LauncherIcon96">
                    <Platform Name="Android">
                        <RemoteDir>res\drawable-xhdpi</RemoteDir>
                        <Operation>1</Operation>
                    </Platform>
                </DeployClass>
                <DeployClass Name="Android_SplashImage426">
                    <Platform Name="Android">
                        <RemoteDir>res\drawable-small</RemoteDir>
                        <Operation>1</Operation>
                    </Platform>
                </DeployClass>
                <DeployClass Name="Android_SplashImage470">
                    <Platform Name="Android">
                        <RemoteDir>res\drawable-normal</RemoteDir>
                        <Operation>1</Operation>
                    </Platform>
                </DeployClass>
                <DeployClass Name="Android_SplashImage640">
                    <Platform Name="Android">
                        <RemoteDir>res\drawable-large</RemoteDir>
                        <Operation>1</Operation>
                    </Platform>
                </DeployClass>
                <DeployClass Name="Android_SplashImage960">
                    <Platform Name="Android">
                        <RemoteDir>res\drawable-xlarge</RemoteDir>
                        <Operation>1</Operation>
                    </Platform>
                </DeployClass>
                <DeployClass Name="DebugSymbols">
                    <Platform Name="iOSSimulator">
                        <Operation>1</Operation>
                    </Platform>
                    <Platform Name="OSX32">
                        <Operation>1</Operation>
                    </Platform>
                    <Platform Name="Win32">
                        <Operation>0</Operation>
                    </Platform>
                </DeployClass>
                <DeployClass Name="DependencyFramework">
                    <Platform Name="OSX32">
                        <Operation>1</Operation>
                        <Extensions>.framework</Extensions>
                    </Platform>
                    <Platform Name="Win32">
                        <Operation>0</Operation>
                    </Platform>
                </DeployClass>
                <DeployClass Name="DependencyModule">
                    <Platform Name="OSX32">
                        <Operation>1</Operation>
                        <Extensions>.dylib</Extensions>
                    </Platform>
                    <Platform Name="Win32">
                        <Operation>0</Operation>
                        <Extensions>.dll;.bpl</Extensions>
                    </Platform>
                </DeployClass>
                <DeployClass Required="true" Name="DependencyPackage">
                    <Platform Name="iOSDevice32">
                        <Operation>1</Operation>
                        <Extensions>.dylib</Extensions>
                    </Platform>
                    <Platform Name="iOSDevice64">
                        <Operation>1</Operation>
                        <Extensions>.dylib</Extensions>
                    </Platform>
                    <Platform Name="iOSSimulator">
                        <Operation>1</Operation>
                        <Extensions>.dylib</Extensions>
                    </Platform>
                    <Platform Name="OSX32">
                        <Operation>1</Operation>
                        <Extensions>.dylib</Extensions>
                    </Platform>
                    <Platform Name="Win32">
                        <Operation>0</Operation>
                        <Extensions>.bpl</Extensions>
                    </Platform>
                </DeployClass>
                <DeployClass Name="File">
                    <Platform Name="Android">
                        <Operation>0</Operation>
                    </Platform>
                    <Platform Name="iOSDevice32">
                        <Operation>0</Operation>
                    </Platform>
                    <Platform Name="iOSDevice64">
                        <Operation>0</Operation>
                    </Platform>
                    <Platform Name="iOSSimulator">
                        <Operation>0</Operation>
                    </Platform>
                    <Platform Name="OSX32">
                        <Operation>0</Operation>
                    </Platform>
                    <Platform Name="Win32">
                        <Operation>0</Operation>
                    </Platform>
                </DeployClass>
                <DeployClass Name="iPad_Launch1024">
                    <Platform Name="iOSDevice32">
                        <Operation>1</Operation>
                    </Platform>
                    <Platform Name="iOSDevice64">
                        <Operation>1</Operation>
                    </Platform>
                    <Platform Name="iOSSimulator">
                        <Operation>1</Operation>
                    </Platform>
                </DeployClass>
                <DeployClass Name="iPad_Launch1536">
                    <Platform Name="iOSDevice32">
                        <Operation>1</Operation>
                    </Platform>
                    <Platform Name="iOSDevice64">
                        <Operation>1</Operation>
                    </Platform>
                    <Platform Name="iOSSimulator">
                        <Operation>1</Operation>
                    </Platform>
                </DeployClass>
                <DeployClass Name="iPad_Launch2048">
                    <Platform Name="iOSDevice32">
                        <Operation>1</Operation>
                    </Platform>
                    <Platform Name="iOSDevice64">
                        <Operation>1</Operation>
                    </Platform>
                    <Platform Name="iOSSimulator">
                        <Operation>1</Operation>
                    </Platform>
                </DeployClass>
                <DeployClass Name="iPad_Launch768">
                    <Platform Name="iOSDevice32">
                        <Operation>1</Operation>
                    </Platform>
                    <Platform Name="iOSDevice64">
                        <Operation>1</Operation>
                    </Platform>
                    <Platform Name="iOSSimulator">
                        <Operation>1</Operation>
                    </Platform>
                </DeployClass>
                <DeployClass Name="iPhone_Launch320">
                    <Platform Name="iOSDevice32">
                        <Operation>1</Operation>
                    </Platform>
                    <Platform Name="iOSDevice64">
                        <Operation>1</Operation>
                    </Platform>
                    <Platform Name="iOSSimulator">
                        <Operation>1</Operation>
                    </Platform>
                </DeployClass>
                <DeployClass Name="iPhone_Launch640">
                    <Platform Name="iOSDevice32">
                        <Operation>1</Operation>
                    </Platform>
                    <Platform Name="iOSDevice64">
                        <Operation>1</Operation>
                    </Platform>
                    <Platform Name="iOSSimulator">
                        <Operation>1</Operation>
                    </Platform>
                </DeployClass>
                <DeployClass Name="iPhone_Launch640x1136">
                    <Platform Name="iOSDevice32">
                        <Operation>1</Operation>
                    </Platform>
                    <Platform Name="iOSDevice64">
                        <Operation>1</Operation>
                    </Platform>
                    <Platform Name="iOSSimulator">
                        <Operation>1</Operation>
                    </Platform>
                </DeployClass>
                <DeployClass Name="ProjectAndroidManifest">
                    <Platform Name="Android">
                        <Operation>1</Operation>
                    </Platform>
                </DeployClass>
                <DeployClass Name="ProjectiOSDeviceDebug">
                    <Platform Name="iOSDevice32">
                        <RemoteDir>..\$(PROJECTNAME).app.dSYM\Contents\Resources\DWARF</RemoteDir>
                        <Operation>1</Operation>
                    </Platform>
                    <Platform Name="iOSDevice64">
                        <RemoteDir>..\$(PROJECTNAME).app.dSYM\Contents\Resources\DWARF</RemoteDir>
                        <Operation>1</Operation>
                    </Platform>
                </DeployClass>
                <DeployClass Name="ProjectiOSDeviceResourceRules"/>
                <DeployClass Name="ProjectiOSEntitlements"/>
                <DeployClass Name="ProjectiOSInfoPList"/>
                <DeployClass Name="ProjectiOSResource">
                    <Platform Name="iOSDevice32">
                        <Operation>1</Operation>
                    </Platform>
                    <Platform Name="iOSDevice64">
                        <Operation>1</Operation>
                    </Platform>
                    <Platform Name="iOSSimulator">
                        <Operation>1</Operation>
                    </Platform>
                </DeployClass>
                <DeployClass Name="ProjectOSXEntitlements"/>
                <DeployClass Name="ProjectOSXInfoPList"/>
                <DeployClass Name="ProjectOSXResource">
                    <Platform Name="OSX32">
                        <RemoteDir>Contents\Resources</RemoteDir>
                        <Operation>1</Operation>
                    </Platform>
                </DeployClass>
                <DeployClass Required="true" Name="ProjectOutput">
                    <Platform Name="Android">
                        <RemoteDir>library\lib\armeabi-v7a</RemoteDir>
                        <Operation>1</Operation>
                    </Platform>
                    <Platform Name="iOSDevice32">
                        <Operation>1</Operation>
                    </Platform>
                    <Platform Name="iOSDevice64">
                        <Operation>1</Operation>
                    </Platform>
                    <Platform Name="iOSSimulator">
                        <Operation>1</Operation>
                    </Platform>
                    <Platform Name="Linux64">
                        <Operation>1</Operation>
                    </Platform>
                    <Platform Name="OSX32">
                        <Operation>1</Operation>
                    </Platform>
                    <Platform Name="Win32">
                        <Operation>0</Operation>
                    </Platform>
                </DeployClass>
                <DeployClass Name="ProjectUWPManifest">
                    <Platform Name="Win32">
                        <Operation>1</Operation>
                    </Platform>
                    <Platform Name="Win64">
                        <Operation>1</Operation>
                    </Platform>
                </DeployClass>
                <DeployClass Name="UWP_DelphiLogo150">
                    <Platform Name="Win32">
                        <RemoteDir>Assets</RemoteDir>
                        <Operation>1</Operation>
                    </Platform>
                    <Platform Name="Win64">
                        <RemoteDir>Assets</RemoteDir>
                        <Operation>1</Operation>
                    </Platform>
                </DeployClass>
                <DeployClass Name="UWP_DelphiLogo44">
                    <Platform Name="Win32">
                        <RemoteDir>Assets</RemoteDir>
                        <Operation>1</Operation>
                    </Platform>
                    <Platform Name="Win64">
                        <RemoteDir>Assets</RemoteDir>
                        <Operation>1</Operation>
                    </Platform>
                </DeployClass>
                <ProjectRoot Platform="Win64" Name="$(PROJECTNAME)"/>
                <ProjectRoot Platform="iOSDevice64" Name="$(PROJECTNAME).app"/>
                <ProjectRoot Platform="iOSDevice32" Name="$(PROJECTNAME).app"/>
                <ProjectRoot Platform="Win32" Name="$(PROJECTNAME)"/>
                <ProjectRoot Platform="Linux64" Name="$(PROJECTNAME)"/>
                <ProjectRoot Platform="OSX32" Name="$(PROJECTNAME)"/>
                <ProjectRoot Platform="Android" Name="$(PROJECTNAME)"/>
                <ProjectRoot Platform="iOSSimulator" Name="$(PROJECTNAME).app"/>
            </Deployment>
        </BorlandProject>
        <ProjectFileVersion>12</ProjectFileVersion>
    </ProjectExtensions>
    <ItemGroup>
        <DelphiCompile Include="$(MainSource)">
            <MainSource>MainSource</MainSource>
        </DelphiCompile>
        <DCCReference Include="..\Forms\About.pas">
            <Form>AboutBox</Form>
        </DCCReference>
        <DCCReference Include="..\Shared\Arraydef.pas"/>
        <DCCReference Include="..\Common\AutoAdd.pas"/>
        <DCCReference Include="..\Common\Bus.pas"/>
        <DCCReference Include="..\PDElements\Capacitor.pas"/>
        <DCCReference Include="..\Controls\CapControl.pas"/>
        <DCCReference Include="..\Common\Circuit.pas"/>
        <DCCReference Include="..\Common\CktElement.pas"/>
        <DCCReference Include="..\Common\CktElementClass.pas"/>
        <DCCReference Include="..\Shared\CktTree.pas"/>
        <DCCReference Include="..\Shared\Command.pas"/>
        <DCCReference Include="..\Common\Conductor.pas"/>
        <DCCReference Include="..\Controls\ControlClass.pas"/>
        <DCCReference Include="..\Controls\ControlElem.pas"/>
        <DCCReference Include="..\Common\ControlQueue.pas"/>
        <DCCReference Include="..\Forms\DlgComboBox.pas">
            <Form>OptionComboForm</Form>
        </DCCReference>
        <DCCReference Include="..\Forms\dlgNumber.pas">
            <Form>ValueEntryForm</Form>
        </DCCReference>
        <DCCReference Include="..\Forms\DlgPlotOptions.pas">
            <Form>PlotOptionsForm</Form>
        </DCCReference>
        <DCCReference Include="..\Common\DSSCallBackRoutines.pas"/>
        <DCCReference Include="..\Common\DSSClass.pas"/>
        <DCCReference Include="..\Common\DSSClassDefs.pas"/>
        <DCCReference Include="..\Common\DSSForms.pas"/>
        <DCCReference Include="..\Common\DSSGlobals.pas"/>
        <DCCReference Include="..\General\DSSObject.pas"/>
        <DCCReference Include="..\Plot\DSSPlot.pas"/>
        <DCCReference Include="..\Shared\Dynamics.pas"/>
        <DCCReference Include="..\Meters\EnergyMeter.pas"/>
        <DCCReference Include="..\PCElements\Equivalent.pas"/>
        <DCCReference Include="..\Common\EventQueue.pas"/>
        <DCCReference Include="..\Executive\ExecCommands.pas"/>
        <DCCReference Include="..\Executive\ExecHelper.pas"/>
        <DCCReference Include="..\Executive\ExecOptions.pas"/>
        <DCCReference Include="..\Executive\Executive.pas"/>
        <DCCReference Include="..\Common\ExportCIMXML.pas"/>
        <DCCReference Include="..\Executive\ExportOptions.pas"/>
        <DCCReference Include="..\Common\ExportResults.pas"/>
        <DCCReference Include="..\PDElements\Fault.pas"/>
        <DCCReference Include="..\Common\Feeder.pas"/>
        <DCCReference Include="..\Parser\Frm_RPNcalc.pas">
            <Form>RPNForm</Form>
        </DCCReference>
        <DCCReference Include="..\Forms\FrmCSVchannelSelect.pas">
            <Form>ChannelSelectForm</Form>
        </DCCReference>
        <DCCReference Include="..\Forms\FrmDoDSSCommand.pas">
            <Form>DoDSSCommandForm</Form>
        </DCCReference>
        <DCCReference Include="..\PDElements\fuse.pas"/>
        <DCCReference Include="..\Controls\UPFCControl.pas"/>
        <DCCReference Include="..\PCElements\generator.pas"/>
        <DCCReference Include="..\PCElements\GenUserModel.pas"/>
        <DCCReference Include="..\General\GrowthShape.pas"/>
        <DCCReference Include="..\Shared\HashList.pas"/>
        <DCCReference Include="..\Forms\HelpForm.pas">
            <Form>HelpForm1</Form>
        </DCCReference>
        <DCCReference Include="..\Shared\IniRegSave.pas"/>
        <DCCReference Include="..\PCElements\Isource.pas"/>
        <DCCReference Include="..\PDElements\Line.pas"/>
        <DCCReference Include="..\General\LineCode.pas"/>
        <DCCReference Include="..\General\LineGeometry.pas"/>
        <DCCReference Include="..\General\LineSpacing.pas"/>
        <DCCReference Include="..\Shared\LineUnits.pas"/>
        <DCCReference Include="..\Forms\ListForm.pas">
            <Form>ListBoxForm</Form>
        </DCCReference>
        <DCCReference Include="..\PCElements\Load.pas"/>
        <DCCReference Include="..\General\LoadShape.pas"/>
        <DCCReference Include="..\Shared\mathutil.pas"/>
        <DCCReference Include="..\Meters\MeterClass.pas"/>
        <DCCReference Include="..\Meters\MeterElement.pas"/>
        <DCCReference Include="..\Meters\Monitor.pas"/>
        <DCCReference Include="MyDSSClassDefs.Pas"/>
        <DCCReference Include="..\General\NamedObject.pas"/>
        <DCCReference Include="..\Common\Notes.pas"/>
        <DCCReference Include="..\General\OHLineConstants.pas"/>
        <DCCReference Include="..\Forms\Panel.pas">
            <Form>ControlPanel</Form>
        </DCCReference>
        <DCCReference Include="..\Parser\ParserDel.pas"/>
        <DCCReference Include="..\PCElements\PCClass.pas"/>
        <DCCReference Include="..\PCElements\PCElement.pas"/>
        <DCCReference Include="..\PDElements\PDClass.pas"/>
        <DCCReference Include="..\PDElements\PDElement.pas"/>
        <DCCReference Include="..\Executive\PlotOptions.pas"/>
        <DCCReference Include="..\Shared\PointerList.pas"/>
        <DCCReference Include="..\Forms\ProgressForm.pas">
            <Form>Progress</Form>
        </DCCReference>
        <DCCReference Include="..\Forms\PropEdit.pas">
            <Form>PropEditForm</Form>
        </DCCReference>
        <DCCReference Include="..\PCElements\PVsystem.pas"/>
        <DCCReference Include="..\PCElements\PVSystemUserModel.pas"/>
        <DCCReference Include="..\PDElements\Reactor.pas"/>
        <DCCReference Include="..\Controls\Recloser.pas"/>
        <DCCReference Include="..\Meters\ReduceAlgs.pas"/>
        <DCCReference Include="..\Controls\RegControl.pas"/>
        <DCCReference Include="..\Controls\Relay.pas"/>
        <DCCReference Include="..\Parser\RPN.pas"/>
        <DCCReference Include="..\Forms\Scriptform.pas">
            <Form>MainEditForm</Form>
        </DCCReference>
        <DCCReference Include="..\Meters\Sensor.pas"/>
        <DCCReference Include="..\Executive\ShowOptions.pas"/>
        <DCCReference Include="..\Common\ShowResults.pas"/>
        <DCCReference Include="..\Common\Solution.pas"/>
        <DCCReference Include="..\Common\SolutionAlgs.pas"/>
        <DCCReference Include="..\General\Spectrum.pas"/>
        <DCCReference Include="..\Shared\StackDef.pas"/>
        <DCCReference Include="..\PCElements\Storage.pas"/>
        <DCCReference Include="..\Controls\StorageController.pas"/>
        <DCCReference Include="..\PCElements\StoreUserModel.pas"/>
        <DCCReference Include="..\Controls\SwtControl.pas"/>
        <DCCReference Include="..\General\TCC_Curve.pas"/>
        <DCCReference Include="..\Common\Terminal.pas"/>
        <DCCReference Include="..\Common\TOPExport.pas"/>
        <DCCReference Include="..\PDElements\Transformer.pas"/>
        <DCCReference Include="..\Forms\TViewer.pas">
            <Form>TViewForm</Form>
        </DCCReference>
        <DCCReference Include="..\Shared\Ucmatrix.pas"/>
        <DCCReference Include="..\Shared\Ucomplex.pas"/>
        <DCCReference Include="..\Common\Utilities.pas"/>
        <DCCReference Include="..\PCElements\VSource.pas"/>
        <DCCReference Include="..\General\WireData.pas"/>
        <DCCReference Include="..\General\XfmrCode.pas"/>
        <DCCReference Include="..\Common\Ymatrix.pas">
            <Form>,
  TempShape in &apos;..\General\TempShape.pas&apos;,
  XYcurve in &apos;..\General\XYcurve.pas&apos;,
  PriceShape in &apos;..\General\PriceShape.pas&apos;;

{$R *.RES</Form>
        </DCCReference>
        <DCCReference Include="..\General\TempShape.pas"/>
        <DCCReference Include="..\General\XYcurve.pas"/>
        <DCCReference Include="..\General\PriceShape.pas"/>
        <DCCReference Include="..\General\CNData.pas"/>
        <DCCReference Include="..\General\TSData.pas"/>
        <DCCReference Include="..\General\LineConstants.pas"/>
        <DCCReference Include="..\General\CNLineConstants.pas"/>
        <DCCReference Include="..\General\TSLineConstants.pas"/>
        <DCCReference Include="..\General\CableData.pas"/>
        <DCCReference Include="..\General\ConductorData.pas"/>
        <DCCReference Include="..\General\CableConstants.pas"/>
        <DCCReference Include="..\Shared\Pstcalc.pas"/>
        <DCCReference Include="..\PCElements\GICLine.pas"/>
        <DCCReference Include="..\PCElements\VSConverter.pas"/>
        <DCCReference Include="..\Plot\DSSGraph.pas"/>
        <DCCReference Include="..\Controls\CapUserControl.pas"/>
        <DCCReference Include="..\PCElements\StorageVars.pas"/>
        <DCCReference Include="..\PCElements\GeneratorVars.pas"/>
        <DCCReference Include="..\Controls\CapControlVars.pas"/>
        <DCCReference Include="..\Controls\InvControl.pas"/>
        <DCCReference Include="..\PDElements\GICTransformer.pas"/>
        <DCCReference Include="..\Controls\ExpControl.pas"/>
        <DCCReference Include="..\PCElements\UPFC.pas"/>
        <DCCReference Include="..\Controls\GenDispatcher.pas"/>
        <DCCReference Include="..\Common\KLUSolve.pas"/>
        <DCCReference Include="..\Forms\ScriptEdit.pas"/>
        <DCCReference Include="..\PCElements\vccs.pas"/>
        <DCCReference Include="..\Meters\MemoryMap_lib.pas"/>
        <DCCReference Include="..\Parallel_Lib\Parallel_Lib.pas"/>
        <DCCReference Include="..\PCElements\IndMach012.pas"/>
        <DCCReference Include="..\Controls\ESPVLControl.pas"/>
        <DCCReference Include="..\Forms\Diakoptics.pas">
            <Form>DiakopticsBox</Form>
            <FormType>dfm</FormType>
        </DCCReference>
        <RcItem Include="OpenDSS3.ico">
            <ResourceType>ICON</ResourceType>
            <ResourceId>Icon_1</ResourceId>
        </RcItem>
        <BuildConfiguration Include="Debug">
            <Key>Cfg_2</Key>
            <CfgParent>Base</CfgParent>
        </BuildConfiguration>
        <BuildConfiguration Include="Base">
            <Key>Base</Key>
        </BuildConfiguration>
        <BuildConfiguration Include="Release">
            <Key>Cfg_1</Key>
            <CfgParent>Base</CfgParent>
        </BuildConfiguration>
    </ItemGroup>
    <Import Condition="Exists('$(BDS)\Bin\CodeGear.Delphi.Targets')" Project="$(BDS)\Bin\CodeGear.Delphi.Targets"/>
    <Import Condition="Exists('$(APPDATA)\Embarcadero\$(BDSAPPDATABASEDIR)\$(PRODUCTVERSION)\UserTools.proj')" Project="$(APPDATA)\Embarcadero\$(BDSAPPDATABASEDIR)\$(PRODUCTVERSION)\UserTools.proj"/>
    <Import Condition="Exists('$(MSBuildProjectName).deployproj')" Project="$(MSBuildProjectName).deployproj"/>
</Project>
