<?xml version="1.0" encoding="UTF-8"?>
<CONFIG>
  <ProjectOptions>
    <Version Value="9"/>
    <PathDelim Value="\"/>
    <General>
      <SessionStorage Value="InProjectDir"/>
      <MainUnit Value="0"/>
      <Title Value="OpenDSS"/>
      <UseAppBundle Value="False"/>
      <ResourceType Value="res"/>
      <Icon Value="0"/>
    </General>
    <i18n>
      <EnableI18N LFM="False"/>
    </i18n>
    <VersionInfo>
      <UseVersionInfo Value="True"/>
      <MajorVersionNr Value="7"/>
      <MinorVersionNr Value="8"/>
      <StringTable ProductVersion=""/>
    </VersionInfo>
    <BuildModes Count="1">
      <Item1 Name="Default" Default="True"/>
    </BuildModes>
    <PublishOptions>
      <Version Value="2"/>
    </PublishOptions>
    <RunParams>
      <local>
        <FormatVersion Value="1"/>
      </local>
    </RunParams>
    <RequiredPackages Count="3">
      <Item1>
        <PackageName Value="Printer4Lazarus"/>
      </Item1>
      <Item2>
        <PackageName Value="richmemopackage"/>
      </Item2>
      <Item3>
        <PackageName Value="LCL"/>
      </Item3>
    </RequiredPackages>
    <Units Count="133">
      <Unit0>
        <Filename Value="OpenDSS.lpr"/>
        <IsPartOfProject Value="True"/>
      </Unit0>
      <Unit1>
        <Filename Value="..\Shared\Arraydef.pas"/>
        <IsPartOfProject Value="True"/>
      </Unit1>
      <Unit2>
        <Filename Value="..\Common\AutoAdd.pas"/>
        <IsPartOfProject Value="True"/>
      </Unit2>
      <Unit3>
        <Filename Value="..\Common\Bus.pas"/>
        <IsPartOfProject Value="True"/>
      </Unit3>
      <Unit4>
        <Filename Value="..\PDElements\Capacitor.pas"/>
        <IsPartOfProject Value="True"/>
      </Unit4>
      <Unit5>
        <Filename Value="..\Controls\CapControl.pas"/>
        <IsPartOfProject Value="True"/>
      </Unit5>
      <Unit6>
        <Filename Value="..\Common\Circuit.pas"/>
        <IsPartOfProject Value="True"/>
      </Unit6>
      <Unit7>
        <Filename Value="..\Common\CktElement.pas"/>
        <IsPartOfProject Value="True"/>
      </Unit7>
      <Unit8>
        <Filename Value="..\Common\CktElementClass.pas"/>
        <IsPartOfProject Value="True"/>
      </Unit8>
      <Unit9>
        <Filename Value="..\Shared\CktTree.pas"/>
        <IsPartOfProject Value="True"/>
      </Unit9>
      <Unit10>
        <Filename Value="..\Shared\Command.pas"/>
        <IsPartOfProject Value="True"/>
      </Unit10>
      <Unit11>
        <Filename Value="..\Common\Conductor.pas"/>
        <IsPartOfProject Value="True"/>
      </Unit11>
      <Unit12>
        <Filename Value="..\Controls\ControlClass.pas"/>
        <IsPartOfProject Value="True"/>
      </Unit12>
      <Unit13>
        <Filename Value="..\Controls\ControlElem.pas"/>
        <IsPartOfProject Value="True"/>
      </Unit13>
      <Unit14>
        <Filename Value="..\Common\ControlQueue.pas"/>
        <IsPartOfProject Value="True"/>
      </Unit14>
      <Unit15>
        <Filename Value="..\Forms\DlgComboBox.pas"/>
        <IsPartOfProject Value="True"/>
        <HasResources Value="True"/>
      </Unit15>
      <Unit16>
        <Filename Value="..\Forms\dlgNumber.pas"/>
        <IsPartOfProject Value="True"/>
        <HasResources Value="True"/>
      </Unit16>
      <Unit17>
        <Filename Value="..\Forms\DlgPlotOptions.pas"/>
        <IsPartOfProject Value="True"/>
        <ComponentName Value="PlotOptionsForm"/>
        <HasResources Value="True"/>
        <ResourceBaseClass Value="Form"/>
      </Unit17>
      <Unit18>
        <Filename Value="..\Common\DSSCallBackRoutines.pas"/>
        <IsPartOfProject Value="True"/>
      </Unit18>
      <Unit19>
        <Filename Value="..\Common\DSSClass.pas"/>
        <IsPartOfProject Value="True"/>
      </Unit19>
      <Unit20>
        <Filename Value="..\Common\DSSClassDefs.pas"/>
        <IsPartOfProject Value="True"/>
      </Unit20>
      <Unit21>
        <Filename Value="..\Common\DSSForms.pas"/>
        <IsPartOfProject Value="True"/>
      </Unit21>
      <Unit22>
        <Filename Value="..\Common\DSSGlobals.pas"/>
        <IsPartOfProject Value="True"/>
      </Unit22>
      <Unit23>
        <Filename Value="..\General\DSSObject.pas"/>
        <IsPartOfProject Value="True"/>
      </Unit23>
      <Unit24>
        <Filename Value="..\Plot\DSSPlot.pas"/>
        <IsPartOfProject Value="True"/>
      </Unit24>
      <Unit25>
        <Filename Value="..\Shared\Dynamics.pas"/>
        <IsPartOfProject Value="True"/>
      </Unit25>
      <Unit26>
        <Filename Value="..\Meters\EnergyMeter.pas"/>
        <IsPartOfProject Value="True"/>
      </Unit26>
      <Unit27>
        <Filename Value="..\PCElements\Equivalent.pas"/>
        <IsPartOfProject Value="True"/>
      </Unit27>
      <Unit28>
        <Filename Value="..\Common\EventQueue.pas"/>
        <IsPartOfProject Value="True"/>
      </Unit28>
      <Unit29>
        <Filename Value="..\Executive\ExecCommands.pas"/>
        <IsPartOfProject Value="True"/>
      </Unit29>
      <Unit30>
        <Filename Value="..\Executive\ExecHelper.pas"/>
        <IsPartOfProject Value="True"/>
      </Unit30>
      <Unit31>
        <Filename Value="..\Executive\ExecOptions.pas"/>
        <IsPartOfProject Value="True"/>
      </Unit31>
      <Unit32>
        <Filename Value="..\Executive\Executive.pas"/>
        <IsPartOfProject Value="True"/>
      </Unit32>
      <Unit33>
        <Filename Value="..\Common\ExportCIMXML.pas"/>
        <IsPartOfProject Value="True"/>
      </Unit33>
      <Unit34>
        <Filename Value="..\Executive\ExportOptions.pas"/>
        <IsPartOfProject Value="True"/>
      </Unit34>
      <Unit35>
        <Filename Value="..\Common\ExportResults.pas"/>
        <IsPartOfProject Value="True"/>
      </Unit35>
      <Unit36>
        <Filename Value="..\PDElements\Fault.pas"/>
        <IsPartOfProject Value="True"/>
      </Unit36>
      <Unit37>
        <Filename Value="..\Common\Feeder.pas"/>
        <IsPartOfProject Value="True"/>
      </Unit37>
      <Unit38>
        <Filename Value="..\Parser\Frm_RPNcalc.pas"/>
        <IsPartOfProject Value="True"/>
        <HasResources Value="True"/>
      </Unit38>
      <Unit39>
        <Filename Value="..\Forms\FrmCSVchannelSelect.pas"/>
        <IsPartOfProject Value="True"/>
        <HasResources Value="True"/>
      </Unit39>
      <Unit40>
        <Filename Value="..\Forms\FrmDoDSSCommand.pas"/>
        <IsPartOfProject Value="True"/>
        <HasResources Value="True"/>
      </Unit40>
      <Unit41>
        <Filename Value="..\PDElements\fuse.pas"/>
        <IsPartOfProject Value="True"/>
        <UnitName Value="Fuse"/>
      </Unit41>
      <Unit42>
        <Filename Value="..\Controls\UPFCControl.pas"/>
        <IsPartOfProject Value="True"/>
      </Unit42>
      <Unit43>
        <Filename Value="..\PCElements\generator.pas"/>
        <IsPartOfProject Value="True"/>
      </Unit43>
      <Unit44>
        <Filename Value="..\PCElements\GenUserModel.pas"/>
        <IsPartOfProject Value="True"/>
      </Unit44>
      <Unit45>
        <Filename Value="..\General\GrowthShape.pas"/>
        <IsPartOfProject Value="True"/>
      </Unit45>
      <Unit46>
        <Filename Value="..\Shared\HashList.pas"/>
        <IsPartOfProject Value="True"/>
      </Unit46>
      <Unit47>
        <Filename Value="..\Forms\HelpForm.pas"/>
        <IsPartOfProject Value="True"/>
        <ComponentName Value="HelpForm1"/>
        <HasResources Value="True"/>
        <ResourceBaseClass Value="Form"/>
      </Unit47>
      <Unit48>
        <Filename Value="..\Shared\IniRegSave.pas"/>
        <IsPartOfProject Value="True"/>
      </Unit48>
      <Unit49>
        <Filename Value="..\PCElements\Isource.pas"/>
        <IsPartOfProject Value="True"/>
      </Unit49>
      <Unit50>
        <Filename Value="..\PDElements\Line.pas"/>
        <IsPartOfProject Value="True"/>
      </Unit50>
      <Unit51>
        <Filename Value="..\General\LineCode.pas"/>
        <IsPartOfProject Value="True"/>
      </Unit51>
      <Unit52>
        <Filename Value="..\General\LineGeometry.pas"/>
        <IsPartOfProject Value="True"/>
      </Unit52>
      <Unit53>
        <Filename Value="..\General\LineSpacing.pas"/>
        <IsPartOfProject Value="True"/>
      </Unit53>
      <Unit54>
        <Filename Value="..\Shared\LineUnits.pas"/>
        <IsPartOfProject Value="True"/>
      </Unit54>
      <Unit55>
        <Filename Value="..\Forms\ListForm.pas"/>
        <IsPartOfProject Value="True"/>
        <HasResources Value="True"/>
      </Unit55>
      <Unit56>
        <Filename Value="..\PCElements\Load.pas"/>
        <IsPartOfProject Value="True"/>
      </Unit56>
      <Unit57>
        <Filename Value="..\General\LoadShape.pas"/>
        <IsPartOfProject Value="True"/>
      </Unit57>
      <Unit58>
        <Filename Value="..\Shared\mathutil.pas"/>
        <IsPartOfProject Value="True"/>
      </Unit58>
      <Unit59>
        <Filename Value="..\Meters\MeterClass.pas"/>
        <IsPartOfProject Value="True"/>
      </Unit59>
      <Unit60>
        <Filename Value="..\Meters\MeterElement.pas"/>
        <IsPartOfProject Value="True"/>
      </Unit60>
      <Unit61>
        <Filename Value="..\Meters\Monitor.pas"/>
        <IsPartOfProject Value="True"/>
      </Unit61>
      <Unit62>
        <Filename Value="MyDSSClassDefs.pas"/>
        <IsPartOfProject Value="True"/>
      </Unit62>
      <Unit63>
        <Filename Value="..\General\NamedObject.pas"/>
        <IsPartOfProject Value="True"/>
      </Unit63>
      <Unit64>
        <Filename Value="..\Common\Notes.pas"/>
        <IsPartOfProject Value="True"/>
      </Unit64>
      <Unit65>
        <Filename Value="..\General\OHLineConstants.pas"/>
        <IsPartOfProject Value="True"/>
      </Unit65>
      <Unit66>
        <Filename Value="..\Parser\ParserDel.pas"/>
        <IsPartOfProject Value="True"/>
      </Unit66>
      <Unit67>
        <Filename Value="..\PCElements\PCClass.pas"/>
        <IsPartOfProject Value="True"/>
      </Unit67>
      <Unit68>
        <Filename Value="..\PCElements\PCElement.pas"/>
        <IsPartOfProject Value="True"/>
      </Unit68>
      <Unit69>
        <Filename Value="..\PDElements\PDClass.pas"/>
        <IsPartOfProject Value="True"/>
      </Unit69>
      <Unit70>
        <Filename Value="..\PDElements\PDElement.pas"/>
        <IsPartOfProject Value="True"/>
      </Unit70>
      <Unit71>
        <Filename Value="..\Executive\PlotOptions.pas"/>
        <IsPartOfProject Value="True"/>
      </Unit71>
      <Unit72>
        <Filename Value="..\Shared\PointerList.pas"/>
        <IsPartOfProject Value="True"/>
      </Unit72>
      <Unit73>
        <Filename Value="..\Forms\ProgressForm.pas"/>
        <IsPartOfProject Value="True"/>
        <HasResources Value="True"/>
      </Unit73>
      <Unit74>
        <Filename Value="..\Forms\PropEdit.pas"/>
        <IsPartOfProject Value="True"/>
        <HasResources Value="True"/>
      </Unit74>
      <Unit75>
        <Filename Value="..\PCElements\PVsystem.pas"/>
        <IsPartOfProject Value="True"/>
      </Unit75>
      <Unit76>
        <Filename Value="..\PCElements\PVSystemUserModel.pas"/>
        <IsPartOfProject Value="True"/>
      </Unit76>
      <Unit77>
        <Filename Value="..\PDElements\Reactor.pas"/>
        <IsPartOfProject Value="True"/>
      </Unit77>
      <Unit78>
        <Filename Value="..\Controls\Recloser.pas"/>
        <IsPartOfProject Value="True"/>
      </Unit78>
      <Unit79>
        <Filename Value="..\Meters\ReduceAlgs.pas"/>
        <IsPartOfProject Value="True"/>
      </Unit79>
      <Unit80>
        <Filename Value="..\Controls\RegControl.pas"/>
        <IsPartOfProject Value="True"/>
      </Unit80>
      <Unit81>
        <Filename Value="..\Controls\Relay.pas"/>
        <IsPartOfProject Value="True"/>
      </Unit81>
      <Unit82>
        <Filename Value="..\Parser\RPN.pas"/>
        <IsPartOfProject Value="True"/>
      </Unit82>
      <Unit83>
        <Filename Value="..\Meters\Sensor.pas"/>
        <IsPartOfProject Value="True"/>
      </Unit83>
      <Unit84>
        <Filename Value="..\Executive\ShowOptions.pas"/>
        <IsPartOfProject Value="True"/>
      </Unit84>
      <Unit85>
        <Filename Value="..\Common\ShowResults.pas"/>
        <IsPartOfProject Value="True"/>
      </Unit85>
      <Unit86>
        <Filename Value="..\Common\Solution.pas"/>
        <IsPartOfProject Value="True"/>
      </Unit86>
      <Unit87>
        <Filename Value="..\Common\SolutionAlgs.pas"/>
        <IsPartOfProject Value="True"/>
      </Unit87>
      <Unit88>
        <Filename Value="..\General\Spectrum.pas"/>
        <IsPartOfProject Value="True"/>
      </Unit88>
      <Unit89>
        <Filename Value="..\Shared\StackDef.pas"/>
        <IsPartOfProject Value="True"/>
      </Unit89>
      <Unit90>
        <Filename Value="..\PCElements\Storage.pas"/>
        <IsPartOfProject Value="True"/>
      </Unit90>
      <Unit91>
        <Filename Value="..\Controls\StorageController.pas"/>
        <IsPartOfProject Value="True"/>
      </Unit91>
      <Unit92>
        <Filename Value="..\PCElements\StoreUserModel.pas"/>
        <IsPartOfProject Value="True"/>
      </Unit92>
      <Unit93>
        <Filename Value="..\Controls\SwtControl.pas"/>
        <IsPartOfProject Value="True"/>
      </Unit93>
      <Unit94>
        <Filename Value="..\General\TCC_Curve.pas"/>
        <IsPartOfProject Value="True"/>
      </Unit94>
      <Unit95>
        <Filename Value="..\Common\Terminal.pas"/>
        <IsPartOfProject Value="True"/>
      </Unit95>
      <Unit96>
        <Filename Value="..\Common\TOPExport.pas"/>
        <IsPartOfProject Value="True"/>
      </Unit96>
      <Unit97>
        <Filename Value="..\PDElements\Transformer.pas"/>
        <IsPartOfProject Value="True"/>
      </Unit97>
      <Unit98>
        <Filename Value="..\Forms\TViewer.pas"/>
        <IsPartOfProject Value="True"/>
        <ComponentName Value="TViewForm"/>
        <HasResources Value="True"/>
        <ResourceBaseClass Value="Form"/>
      </Unit98>
      <Unit99>
        <Filename Value="..\Shared\Ucmatrix.pas"/>
        <IsPartOfProject Value="True"/>
      </Unit99>
      <Unit100>
        <Filename Value="..\Shared\Ucomplex.pas"/>
        <IsPartOfProject Value="True"/>
      </Unit100>
      <Unit101>
        <Filename Value="..\Common\Utilities.pas"/>
        <IsPartOfProject Value="True"/>
      </Unit101>
      <Unit102>
        <Filename Value="..\PCElements\VSource.pas"/>
        <IsPartOfProject Value="True"/>
      </Unit102>
      <Unit103>
        <Filename Value="..\General\WireData.pas"/>
        <IsPartOfProject Value="True"/>
      </Unit103>
      <Unit104>
        <Filename Value="..\General\XfmrCode.pas"/>
        <IsPartOfProject Value="True"/>
      </Unit104>
      <Unit105>
        <Filename Value="..\Common\Ymatrix.pas"/>
        <IsPartOfProject Value="True"/>
      </Unit105>
      <Unit106>
        <Filename Value="..\General\TempShape.pas"/>
        <IsPartOfProject Value="True"/>
      </Unit106>
      <Unit107>
        <Filename Value="..\General\XYcurve.pas"/>
        <IsPartOfProject Value="True"/>
      </Unit107>
      <Unit108>
        <Filename Value="..\General\PriceShape.pas"/>
        <IsPartOfProject Value="True"/>
      </Unit108>
      <Unit109>
        <Filename Value="..\General\CNData.pas"/>
        <IsPartOfProject Value="True"/>
      </Unit109>
      <Unit110>
        <Filename Value="..\General\TSData.pas"/>
        <IsPartOfProject Value="True"/>
      </Unit110>
      <Unit111>
        <Filename Value="..\General\LineConstants.pas"/>
        <IsPartOfProject Value="True"/>
      </Unit111>
      <Unit112>
        <Filename Value="..\General\CNLineConstants.pas"/>
        <IsPartOfProject Value="True"/>
      </Unit112>
      <Unit113>
        <Filename Value="..\General\TSLineConstants.pas"/>
        <IsPartOfProject Value="True"/>
      </Unit113>
      <Unit114>
        <Filename Value="..\General\CableData.pas"/>
        <IsPartOfProject Value="True"/>
      </Unit114>
      <Unit115>
        <Filename Value="..\General\ConductorData.pas"/>
        <IsPartOfProject Value="True"/>
      </Unit115>
      <Unit116>
        <Filename Value="..\General\CableConstants.pas"/>
        <IsPartOfProject Value="True"/>
      </Unit116>
      <Unit117>
        <Filename Value="..\Shared\Pstcalc.pas"/>
        <IsPartOfProject Value="True"/>
      </Unit117>
      <Unit118>
        <Filename Value="..\PCElements\GICLine.pas"/>
        <IsPartOfProject Value="True"/>
      </Unit118>
      <Unit119>
        <Filename Value="..\PCElements\VSConverter.pas"/>
        <IsPartOfProject Value="True"/>
      </Unit119>
      <Unit120>
        <Filename Value="..\Plot\DSSGraph.pas"/>
        <IsPartOfProject Value="True"/>
      </Unit120>
      <Unit121>
        <Filename Value="..\Controls\CapUserControl.pas"/>
        <IsPartOfProject Value="True"/>
      </Unit121>
      <Unit122>
        <Filename Value="..\PCElements\StorageVars.pas"/>
        <IsPartOfProject Value="True"/>
      </Unit122>
      <Unit123>
        <Filename Value="..\PCElements\GeneratorVars.pas"/>
        <IsPartOfProject Value="True"/>
      </Unit123>
      <Unit124>
        <Filename Value="..\Controls\CapControlVars.pas"/>
        <IsPartOfProject Value="True"/>
      </Unit124>
      <Unit125>
        <Filename Value="..\Controls\InvControl.pas"/>
        <IsPartOfProject Value="True"/>
      </Unit125>
      <Unit126>
        <Filename Value="..\PDElements\GICTransformer.pas"/>
        <IsPartOfProject Value="True"/>
      </Unit126>
      <Unit127>
        <Filename Value="..\Controls\ExpControl.pas"/>
        <IsPartOfProject Value="True"/>
      </Unit127>
      <Unit128>
        <Filename Value="..\PCElements\UPFC.pas"/>
        <IsPartOfProject Value="True"/>
      </Unit128>
      <Unit129>
        <Filename Value="..\Controls\GenDispatcher.pas"/>
        <IsPartOfProject Value="True"/>
      </Unit129>
      <Unit130>
        <Filename Value="..\Common\KLUSolve.pas"/>
        <IsPartOfProject Value="True"/>
      </Unit130>
      <Unit131>
        <Filename Value="..\Forms\ScriptEdit.pas"/>
        <IsPartOfProject Value="True"/>
      </Unit131>
      <Unit132>
        <Filename Value="..\PCElements\vccs.pas"/>
        <IsPartOfProject Value="True"/>
        <UnitName Value="VCCS"/>
      </Unit132>
    </Units>
  </ProjectOptions>
  <CompilerOptions>
    <Version Value="11"/>
    <PathDelim Value="\"/>
    <Target>
      <Filename Value="..\opendss"/>
    </Target>
    <SearchPaths>
      <IncludeFiles Value="..\Forms;..\Shared;..\Common;..\PDElements;..\Controls;..\General;..\Plot;..\Meters;..\PCElements;..\Executive;..\Parser;$(ProjOutDir)"/>
      <Libraries Value="..\..\..\..\KLUSolve\Lib;c:\tdm-gcc-64\lib\gcc\x86_64-w64-mingw32\5.1.0\"/>
      <OtherUnitFiles Value="..\Forms;..\Shared;..\Common;..\PDElements;..\Controls;..\General;..\Plot;..\Meters;..\PCElements;..\Executive;..\Parser"/>
      <UnitOutputDirectory Value="..\units\$(TargetCPU)-$(TargetOS)"/>
    </SearchPaths>
    <Parsing>
      <SyntaxOptions>
        <SyntaxMode Value="Delphi"/>
      </SyntaxOptions>
    </Parsing>
    <CodeGeneration>
      <Checks>
        <StackChecks Value="True"/>
      </Checks>
      <Optimizations>
        <OptimizationLevel Value="3"/>
      </Optimizations>
    </CodeGeneration>
    <Linking>
      <Options>
        <PassLinkerOptions Value="True"/>
        <LinkerOptions Value="-lm -lstdc++ -lgcc_s"/>
        <Win32>
          <GraphicApplication Value="True"/>
        </Win32>
      </Options>
    </Linking>
    <Other>
      <CustomOptions Value="-dBorland -dVer150 -dDelphi7 -dCompiler6_Up -dPUREPASCAL"/>
    </Other>
  </CompilerOptions>
  <Debugging>
    <Exceptions Count="4">
      <Item1>
        <Name Value="EAbort"/>
      </Item1>
      <Item2>
        <Name Value="ECodetoolError"/>
      </Item2>
      <Item3>
        <Name Value="EFOpenError"/>
      </Item3>
      <Item4>
        <Name Value="Exception"/>
      </Item4>
    </Exceptions>
  </Debugging>
</CONFIG>
